
Microsoft Visual Studio Solution File, Format Version 12.00
# Visual Studio Version 17
VisualStudioVersion = 17.10.35027.167
MinimumVisualStudioVersion = 10.0.40219.1
Project("{FAE04EC0-301F-11D3-BF4B-00C04F79EFBC}") = "Backend-public", "Backend-public\Backend-public.csproj", "{648ADDA8-592C-46DF-9056-9AF2288E2280}"
EndProject
Global
	GlobalSection(SolutionConfigurationPlatforms) = preSolution
		Debug|Any CPU = Debug|Any CPU
		Release|Any CPU = Release|Any CPU
	EndGlobalSection
	GlobalSection(ProjectConfigurationPlatforms) = postSolution
		{648ADDA8-592C-46DF-9056-9AF2288E2280}.Debug|Any CPU.ActiveCfg = Debug|Any CPU
		{648ADDA8-592C-46DF-9056-9AF2288E2280}.Debug|Any CPU.Build.0 = Debug|Any CPU
		{648ADDA8-592C-46DF-9056-9AF2288E2280}.Release|Any CPU.ActiveCfg = Release|Any CPU
		{648ADDA8-592C-46DF-9056-9AF2288E2280}.Release|Any CPU.Build.0 = Release|Any CPU
	EndGlobalSection
	GlobalSection(SolutionProperties) = preSolution
		HideSolutionNode = FALSE
	EndGlobalSection
	GlobalSection(ExtensibilityGlobals) = postSolution
		SolutionGuid = {D7A3A810-6419-4015-AA9D-AE0E3E136FED}
	EndGlobalSection
EndGlobal
